<?xml version="1.0" encoding="utf-8"?>
<Project ToolsVersion="4.0" xmlns="http://schemas.microsoft.com/developer/msbuild/2003">
  <ItemGroup>
    <ClCompile Include="src\bit_stream.cpp" />
    <ClCompile Include="src\body.cpp" />
    <ClCompile Include="src\chat.cpp" />
    <ClCompile Include="src\controller.cpp" />
    <ClCompile Include="src\draw_command.cpp" />
    <ClCompile Include="src\healthbar.cpp" />
    <ClCompile Include="src\helpers.cpp" />
    <ClCompile Include="src\item.cpp" />
    <ClCompile Include="src\item_catalog.cpp" />
    <ClCompile Include="src\main.cpp" />
    <ClCompile Include="src\net_client.cpp" />
    <ClCompile Include="src\net_server.cpp" />
    <ClCompile Include="src\packet.cpp" />
    <ClCompile Include="src\particle_fx_blood.cpp" />
    <ClCompile Include="src\particle_fx_gold.cpp" />
    <ClCompile Include="src\particle_fx_goo.cpp" />
    <ClCompile Include="src\particles.cpp" />
    <ClCompile Include="src\player.cpp" />
    <ClCompile Include="src\player_inventory.cpp" />
    <ClCompile Include="src\shadow.cpp" />
    <ClCompile Include="src\slime.cpp" />
    <ClCompile Include="src\sound_catalog.cpp" />
    <ClCompile Include="src\sprite.cpp" />
    <ClCompile Include="src\spritesheet.cpp" />
    <ClCompile Include="src\spritesheet_catalog.cpp" />
    <ClCompile Include="src\tilemap.cpp" />
    <ClCompile Include="src\tileset.cpp" />
    <ClCompile Include="src\world.cpp" />
    <ClCompile Include="test\maths_test.cpp" />
    <ClCompile Include="src\error.cpp" />
    <ClCompile Include="src\maths.cpp" />
    <ClCompile Include="src\net_message.cpp" />
    <ClCompile Include="src\drawable.cpp" />
    <ClCompile Include="test\bitstream_test.cpp" />
    <ClCompile Include="test\net_message_test.cpp" />
    <ClCompile Include="test\tests.cpp" />
    <ClCompile Include="src\game_server.cpp" />
    <ClCompile Include="src\args.cpp" />
    <ClCompile Include="src\game_client.cpp" />
    <ClCompile Include="include\imgui\unity.cpp" />
    <ClCompile Include="src\loot_table.cpp" />
  </ItemGroup>
  <ItemGroup>
    <ClInclude Include="src\bit_stream.h" />
    <ClInclude Include="src\body.h" />
    <ClInclude Include="src\chat.h" />
    <ClInclude Include="src\combat.h" />
    <ClInclude Include="src\controller.h" />
    <ClInclude Include="src\direction.h" />
    <ClInclude Include="src\draw_command.h" />
    <ClInclude Include="src\healthbar.h" />
    <ClInclude Include="src\helpers.h" />
    <ClInclude Include="src\item.h" />
    <ClInclude Include="src\item_catalog.h" />
    <ClInclude Include="src\maths.h" />
    <ClInclude Include="src\net_client.h" />
    <ClInclude Include="src\net_server.h" />
    <ClInclude Include="src\packet.h" />
    <ClInclude Include="src\particle_fx.h" />
    <ClInclude Include="src\particles.h" />
    <ClInclude Include="src\player.h" />
    <ClInclude Include="src\player_inventory.h" />
    <ClInclude Include="src\rtree.h" />
    <ClInclude Include="src\shadow.h" />
    <ClInclude Include="src\slime.h" />
    <ClInclude Include="src\sound_catalog.h" />
    <ClInclude Include="src\sprite.h" />
    <ClInclude Include="src\spritesheet.h" />
    <ClInclude Include="src\spritesheet_catalog.h" />
    <ClInclude Include="src\string_view.h" />
    <ClInclude Include="src\tilemap.h" />
    <ClInclude Include="src\tileset.h" />
    <ClInclude Include="src\world.h" />
    <ClInclude Include="test\tests.h" />
    <ClInclude Include="src\error.h" />
    <ClInclude Include="src\net_message.h" />
    <ClInclude Include="src\drawable.h" />
    <ClInclude Include="src\game_server.h" />
    <ClInclude Include="src\args.h" />
    <ClInclude Include="src\game_client.h" />
    <ClInclude Include="src\ring_buffer.h" />
    <ClInclude Include="src\loot_table.h" />
  </ItemGroup>
</Project>