<?xml version="1.0" encoding="utf-8"?>
<Project ToolsVersion="4.0" xmlns="http://schemas.microsoft.com/developer/msbuild/2003">
  <ItemGroup>
    <ClCompile Include="src\main.cpp" />
    <ClCompile Include="src\tilemap.cpp" />
    <ClCompile Include="src\tileset.cpp" />
    <ClCompile Include="src\particles.cpp" />
    <ClCompile Include="src\player.cpp" />
    <ClCompile Include="src\spritesheet.cpp" />
    <ClCompile Include="src\slime.cpp" />
    <ClCompile Include="src\body.cpp" />
    <ClCompile Include="src\network_server.cpp" />
    <ClCompile Include="src\helpers.cpp" />
    <ClCompile Include="src\network_client.cpp" />
    <ClCompile Include="src\zed_net.cpp" />
    <ClCompile Include="src\sim.cpp" />
    <ClCompile Include="src\player_inventory.cpp" />
    <ClCompile Include="src\item.cpp" />
    <ClCompile Include="src\controller.cpp" />
    <ClCompile Include="src\sound_catalog.cpp" />
    <ClCompile Include="src\item_catalog.cpp" />
    <ClCompile Include="src\spritesheet_catalog.cpp" />
    <ClCompile Include="src\particle_fx_blood.cpp" />
    <ClCompile Include="src\particle_fx_gold.cpp" />
    <ClCompile Include="src\particle_fx_goo.cpp" />
    <ClCompile Include="src\sprite.cpp" />
    <ClCompile Include="src\draw_command.cpp" />
    <ClCompile Include="src\chat.cpp" />
    <ClCompile Include="src\healthbar.cpp" />
    <ClCompile Include="src\shadow.cpp" />
    <ClCompile Include="src\packet.cpp" />
    <ClCompile Include="src\bit_stream.cpp" />
    <ClCompile Include="src\world.cpp" />
  </ItemGroup>
  <ItemGroup>
    <ClInclude Include="src\tilemap.h" />
    <ClInclude Include="src\maths.h" />
    <ClInclude Include="src\tileset.h" />
    <ClInclude Include="src\particles.h" />
    <ClInclude Include="src\player.h" />
    <ClInclude Include="src\spritesheet.h" />
    <ClInclude Include="src\slime.h" />
    <ClInclude Include="src\helpers.h" />
    <ClInclude Include="src\body.h" />
    <ClInclude Include="src\combat.h" />
    <ClInclude Include="src\network_server.h" />
    <ClInclude Include="src\network_client.h" />
    <ClInclude Include="src\sim.h" />
    <ClInclude Include="src\player_inventory.h" />
    <ClInclude Include="src\item.h" />
    <ClInclude Include="src\controller.h" />
    <ClInclude Include="src\sound_catalog.h" />
    <ClInclude Include="src\item_catalog.h" />
    <ClInclude Include="src\spritesheet_catalog.h" />
    <ClInclude Include="src\particle_fx.h" />
    <ClInclude Include="src\sprite.h" />
    <ClInclude Include="src\direction.h" />
    <ClInclude Include="src\string_view.h" />
    <ClInclude Include="src\draw_command.h" />
    <ClInclude Include="network_packet.h" />
    <ClInclude Include="src\packet.h" />
    <ClInclude Include="src\chat.h" />
    <ClInclude Include="src\healthbar.h" />
    <ClInclude Include="src\shadow.h" />
    <ClInclude Include="src\bit_stream.h" />
    <ClInclude Include="src\world.h" />
    <ClInclude Include="src\rstar.h" />
  </ItemGroup>
</Project>